
Microsoft Visual Studio Solution File, Format Version 12.00
# Visual Studio Version 17
VisualStudioVersion = 17.10.35122.118
MinimumVisualStudioVersion = 10.0.40219.1
Project("{FAE04EC0-301F-11D3-BF4B-00C04F79EFBC}") = "WpfApp1488", "WpfApp1488\WpfApp1488.csproj", "{539C7A5A-9ECA-4251-890F-771413415CDA}"
EndProject
Global
	GlobalSection(SolutionConfigurationPlatforms) = preSolution
		Debug|Any CPU = Debug|Any CPU
		Release|Any CPU = Release|Any CPU
	EndGlobalSection
	GlobalSection(ProjectConfigurationPlatforms) = postSolution
		{539C7A5A-9ECA-4251-890F-771413415CDA}.Debug|Any CPU.ActiveCfg = Debug|Any CPU
		{539C7A5A-9ECA-4251-890F-771413415CDA}.Debug|Any CPU.Build.0 = Debug|Any CPU
		{539C7A5A-9ECA-4251-890F-771413415CDA}.Release|Any CPU.ActiveCfg = Release|Any CPU
		{539C7A5A-9ECA-4251-890F-771413415CDA}.Release|Any CPU.Build.0 = Release|Any CPU
	EndGlobalSection
	GlobalSection(SolutionProperties) = preSolution
		HideSolutionNode = FALSE
	EndGlobalSection
	GlobalSection(ExtensibilityGlobals) = postSolution
		SolutionGuid = {C01C9DF4-2D44-48CF-9056-11EB6C915212}
	EndGlobalSection
EndGlobal
